
Microsoft Visual Studio Solution File, Format Version 12.00
# Visual Studio 15
VisualStudioVersion = 15.0.27004.2009
MinimumVisualStudioVersion = 10.0.40219.1
Project("{F184B08F-C81C-45F6-A57F-5ABD9991F28F}") = "web448", "web448\web448.vbproj", "{6C05A989-EA15-4FC7-BC37-7444385D15BE}"
EndProject
Global
	GlobalSection(SolutionConfigurationPlatforms) = preSolution
		Debug|Any CPU = Debug|Any CPU
		Release|Any CPU = Release|Any CPU
	EndGlobalSection
	GlobalSection(ProjectConfigurationPlatforms) = postSolution
		{6C05A989-EA15-4FC7-BC37-7444385D15BE}.Debug|Any CPU.ActiveCfg = Debug|Any CPU
		{6C05A989-EA15-4FC7-BC37-7444385D15BE}.Debug|Any CPU.Build.0 = Debug|Any CPU
		{6C05A989-EA15-4FC7-BC37-7444385D15BE}.Release|Any CPU.ActiveCfg = Release|Any CPU
		{6C05A989-EA15-4FC7-BC37-7444385D15BE}.Release|Any CPU.Build.0 = Release|Any CPU
	EndGlobalSection
	GlobalSection(SolutionProperties) = preSolution
		HideSolutionNode = FALSE
	EndGlobalSection
	GlobalSection(ExtensibilityGlobals) = postSolution
		SolutionGuid = {2B870EA7-BFF0-4CD9-9935-04297D885642}
	EndGlobalSection
EndGlobal
