
Microsoft Visual Studio Solution File, Format Version 12.00
# Visual Studio 15
VisualStudioVersion = 15.0.27004.2009
MinimumVisualStudioVersion = 10.0.40219.1
Project("{F184B08F-C81C-45F6-A57F-5ABD9991F28F}") = "db274", "db274\db274.vbproj", "{A38BE2CA-9A8A-48F7-AFAD-9FAE3BDDB9C6}"
EndProject
Global
	GlobalSection(SolutionConfigurationPlatforms) = preSolution
		Debug|Any CPU = Debug|Any CPU
		Release|Any CPU = Release|Any CPU
	EndGlobalSection
	GlobalSection(ProjectConfigurationPlatforms) = postSolution
		{A38BE2CA-9A8A-48F7-AFAD-9FAE3BDDB9C6}.Debug|Any CPU.ActiveCfg = Debug|Any CPU
		{A38BE2CA-9A8A-48F7-AFAD-9FAE3BDDB9C6}.Debug|Any CPU.Build.0 = Debug|Any CPU
		{A38BE2CA-9A8A-48F7-AFAD-9FAE3BDDB9C6}.Release|Any CPU.ActiveCfg = Release|Any CPU
		{A38BE2CA-9A8A-48F7-AFAD-9FAE3BDDB9C6}.Release|Any CPU.Build.0 = Release|Any CPU
	EndGlobalSection
	GlobalSection(SolutionProperties) = preSolution
		HideSolutionNode = FALSE
	EndGlobalSection
	GlobalSection(ExtensibilityGlobals) = postSolution
		SolutionGuid = {254A4C1D-7B4A-49AB-B2B4-2975E416AB10}
	EndGlobalSection
EndGlobal
