
Microsoft Visual Studio Solution File, Format Version 12.00
# Visual Studio 15
VisualStudioVersion = 15.0.27004.2009
MinimumVisualStudioVersion = 10.0.40219.1
Project("{F184B08F-C81C-45F6-A57F-5ABD9991F28F}") = "db263", "db263\db263.vbproj", "{0521420B-9DB6-4EC9-A8D6-A48C921BFBF6}"
EndProject
Global
	GlobalSection(SolutionConfigurationPlatforms) = preSolution
		Debug|Any CPU = Debug|Any CPU
		Release|Any CPU = Release|Any CPU
	EndGlobalSection
	GlobalSection(ProjectConfigurationPlatforms) = postSolution
		{0521420B-9DB6-4EC9-A8D6-A48C921BFBF6}.Debug|Any CPU.ActiveCfg = Debug|Any CPU
		{0521420B-9DB6-4EC9-A8D6-A48C921BFBF6}.Debug|Any CPU.Build.0 = Debug|Any CPU
		{0521420B-9DB6-4EC9-A8D6-A48C921BFBF6}.Release|Any CPU.ActiveCfg = Release|Any CPU
		{0521420B-9DB6-4EC9-A8D6-A48C921BFBF6}.Release|Any CPU.Build.0 = Release|Any CPU
	EndGlobalSection
	GlobalSection(SolutionProperties) = preSolution
		HideSolutionNode = FALSE
	EndGlobalSection
	GlobalSection(ExtensibilityGlobals) = postSolution
		SolutionGuid = {8ECD5947-2F07-4929-AD70-851808A164E8}
	EndGlobalSection
EndGlobal
