
Microsoft Visual Studio Solution File, Format Version 12.00
# Visual Studio 15
VisualStudioVersion = 15.0.27703.2000
MinimumVisualStudioVersion = 10.0.40219.1
Project("{F184B08F-C81C-45F6-A57F-5ABD9991F28F}") = "kiso010", "kiso010\kiso010.vbproj", "{BD7F71DD-F10A-48C8-8A40-8CF4FB10D0F9}"
EndProject
Global
	GlobalSection(SolutionConfigurationPlatforms) = preSolution
		Debug|Any CPU = Debug|Any CPU
		Release|Any CPU = Release|Any CPU
	EndGlobalSection
	GlobalSection(ProjectConfigurationPlatforms) = postSolution
		{BD7F71DD-F10A-48C8-8A40-8CF4FB10D0F9}.Debug|Any CPU.ActiveCfg = Debug|Any CPU
		{BD7F71DD-F10A-48C8-8A40-8CF4FB10D0F9}.Debug|Any CPU.Build.0 = Debug|Any CPU
		{BD7F71DD-F10A-48C8-8A40-8CF4FB10D0F9}.Release|Any CPU.ActiveCfg = Release|Any CPU
		{BD7F71DD-F10A-48C8-8A40-8CF4FB10D0F9}.Release|Any CPU.Build.0 = Release|Any CPU
	EndGlobalSection
	GlobalSection(SolutionProperties) = preSolution
		HideSolutionNode = FALSE
	EndGlobalSection
	GlobalSection(ExtensibilityGlobals) = postSolution
		SolutionGuid = {046D371D-341A-4F31-ABD9-E9F57D6BC7BC}
	EndGlobalSection
EndGlobal
