
Microsoft Visual Studio Solution File, Format Version 12.00
# Visual Studio 15
VisualStudioVersion = 15.0.27004.2009
MinimumVisualStudioVersion = 10.0.40219.1
Project("{F184B08F-C81C-45F6-A57F-5ABD9991F28F}") = "pg201", "pg201\pg201.vbproj", "{9E3998F4-C5A1-498B-97AA-A4426807E6FC}"
EndProject
Global
	GlobalSection(SolutionConfigurationPlatforms) = preSolution
		Debug|Any CPU = Debug|Any CPU
		Release|Any CPU = Release|Any CPU
	EndGlobalSection
	GlobalSection(ProjectConfigurationPlatforms) = postSolution
		{9E3998F4-C5A1-498B-97AA-A4426807E6FC}.Debug|Any CPU.ActiveCfg = Debug|Any CPU
		{9E3998F4-C5A1-498B-97AA-A4426807E6FC}.Debug|Any CPU.Build.0 = Debug|Any CPU
		{9E3998F4-C5A1-498B-97AA-A4426807E6FC}.Release|Any CPU.ActiveCfg = Release|Any CPU
		{9E3998F4-C5A1-498B-97AA-A4426807E6FC}.Release|Any CPU.Build.0 = Release|Any CPU
	EndGlobalSection
	GlobalSection(SolutionProperties) = preSolution
		HideSolutionNode = FALSE
	EndGlobalSection
	GlobalSection(ExtensibilityGlobals) = postSolution
		SolutionGuid = {2CA0A862-EB8C-49FD-8063-F2156F7E44B0}
	EndGlobalSection
EndGlobal
