
Microsoft Visual Studio Solution File, Format Version 12.00
# Visual Studio 15
VisualStudioVersion = 15.0.27004.2009
MinimumVisualStudioVersion = 10.0.40219.1
Project("{F184B08F-C81C-45F6-A57F-5ABD9991F28F}") = "string207", "string207\string207.vbproj", "{6074CA07-DF9C-4A42-BE5E-B12BB7154E0A}"
EndProject
Global
	GlobalSection(SolutionConfigurationPlatforms) = preSolution
		Debug|Any CPU = Debug|Any CPU
		Release|Any CPU = Release|Any CPU
	EndGlobalSection
	GlobalSection(ProjectConfigurationPlatforms) = postSolution
		{6074CA07-DF9C-4A42-BE5E-B12BB7154E0A}.Debug|Any CPU.ActiveCfg = Debug|Any CPU
		{6074CA07-DF9C-4A42-BE5E-B12BB7154E0A}.Debug|Any CPU.Build.0 = Debug|Any CPU
		{6074CA07-DF9C-4A42-BE5E-B12BB7154E0A}.Release|Any CPU.ActiveCfg = Release|Any CPU
		{6074CA07-DF9C-4A42-BE5E-B12BB7154E0A}.Release|Any CPU.Build.0 = Release|Any CPU
	EndGlobalSection
	GlobalSection(SolutionProperties) = preSolution
		HideSolutionNode = FALSE
	EndGlobalSection
	GlobalSection(ExtensibilityGlobals) = postSolution
		SolutionGuid = {7C99FD6C-6F18-4A32-B83E-7DCD5ED955DC}
	EndGlobalSection
EndGlobal
