
Microsoft Visual Studio Solution File, Format Version 12.00
# Visual Studio 15
VisualStudioVersion = 15.0.27004.2009
MinimumVisualStudioVersion = 10.0.40219.1
Project("{F184B08F-C81C-45F6-A57F-5ABD9991F28F}") = "dialog250", "dialog250\dialog250.vbproj", "{42127F1E-360F-43F7-A2BE-5223BC7C89BD}"
EndProject
Global
	GlobalSection(SolutionConfigurationPlatforms) = preSolution
		Debug|Any CPU = Debug|Any CPU
		Release|Any CPU = Release|Any CPU
	EndGlobalSection
	GlobalSection(ProjectConfigurationPlatforms) = postSolution
		{42127F1E-360F-43F7-A2BE-5223BC7C89BD}.Debug|Any CPU.ActiveCfg = Debug|Any CPU
		{42127F1E-360F-43F7-A2BE-5223BC7C89BD}.Debug|Any CPU.Build.0 = Debug|Any CPU
		{42127F1E-360F-43F7-A2BE-5223BC7C89BD}.Release|Any CPU.ActiveCfg = Release|Any CPU
		{42127F1E-360F-43F7-A2BE-5223BC7C89BD}.Release|Any CPU.Build.0 = Release|Any CPU
	EndGlobalSection
	GlobalSection(SolutionProperties) = preSolution
		HideSolutionNode = FALSE
	EndGlobalSection
	GlobalSection(ExtensibilityGlobals) = postSolution
		SolutionGuid = {303AC262-3F86-4004-9893-6204E53CF80F}
	EndGlobalSection
EndGlobal
