
Microsoft Visual Studio Solution File, Format Version 12.00
# Visual Studio 15
VisualStudioVersion = 15.0.27130.2010
MinimumVisualStudioVersion = 10.0.40219.1
Project("{F184B08F-C81C-45F6-A57F-5ABD9991F28F}") = "ui118", "ui118\ui118.vbproj", "{BF679603-3895-45AC-BF87-52DD684CF2B6}"
EndProject
Global
	GlobalSection(SolutionConfigurationPlatforms) = preSolution
		Debug|Any CPU = Debug|Any CPU
		Release|Any CPU = Release|Any CPU
	EndGlobalSection
	GlobalSection(ProjectConfigurationPlatforms) = postSolution
		{BF679603-3895-45AC-BF87-52DD684CF2B6}.Debug|Any CPU.ActiveCfg = Debug|Any CPU
		{BF679603-3895-45AC-BF87-52DD684CF2B6}.Debug|Any CPU.Build.0 = Debug|Any CPU
		{BF679603-3895-45AC-BF87-52DD684CF2B6}.Release|Any CPU.ActiveCfg = Release|Any CPU
		{BF679603-3895-45AC-BF87-52DD684CF2B6}.Release|Any CPU.Build.0 = Release|Any CPU
	EndGlobalSection
	GlobalSection(SolutionProperties) = preSolution
		HideSolutionNode = FALSE
	EndGlobalSection
	GlobalSection(ExtensibilityGlobals) = postSolution
		SolutionGuid = {DF6C2DD4-FF7B-4E23-8AC1-8EF6FD419437}
	EndGlobalSection
EndGlobal
