
Microsoft Visual Studio Solution File, Format Version 12.00
# Visual Studio 14
VisualStudioVersion = 14.0.24720.0
MinimumVisualStudioVersion = 10.0.40219.1
Project("{F184B08F-C81C-45F6-A57F-5ABD9991F28F}") = "pg124", "pg124\pg124.vbproj", "{CCF1383D-92FD-4D4E-A0F0-E2874148AD54}"
EndProject
Global
	GlobalSection(SolutionConfigurationPlatforms) = preSolution
		Debug|Any CPU = Debug|Any CPU
		Release|Any CPU = Release|Any CPU
	EndGlobalSection
	GlobalSection(ProjectConfigurationPlatforms) = postSolution
		{CCF1383D-92FD-4D4E-A0F0-E2874148AD54}.Debug|Any CPU.ActiveCfg = Debug|Any CPU
		{CCF1383D-92FD-4D4E-A0F0-E2874148AD54}.Debug|Any CPU.Build.0 = Debug|Any CPU
		{CCF1383D-92FD-4D4E-A0F0-E2874148AD54}.Release|Any CPU.ActiveCfg = Release|Any CPU
		{CCF1383D-92FD-4D4E-A0F0-E2874148AD54}.Release|Any CPU.Build.0 = Release|Any CPU
	EndGlobalSection
	GlobalSection(SolutionProperties) = preSolution
		HideSolutionNode = FALSE
	EndGlobalSection
EndGlobal
