
Microsoft Visual Studio Solution File, Format Version 12.00
# Visual Studio 15
VisualStudioVersion = 15.0.27004.2009
MinimumVisualStudioVersion = 10.0.40219.1
Project("{F184B08F-C81C-45F6-A57F-5ABD9991F28F}") = "string221", "string221\string221.vbproj", "{376DC33C-427E-45D7-8143-660A16DCCECD}"
EndProject
Global
	GlobalSection(SolutionConfigurationPlatforms) = preSolution
		Debug|Any CPU = Debug|Any CPU
		Release|Any CPU = Release|Any CPU
	EndGlobalSection
	GlobalSection(ProjectConfigurationPlatforms) = postSolution
		{376DC33C-427E-45D7-8143-660A16DCCECD}.Debug|Any CPU.ActiveCfg = Debug|Any CPU
		{376DC33C-427E-45D7-8143-660A16DCCECD}.Debug|Any CPU.Build.0 = Debug|Any CPU
		{376DC33C-427E-45D7-8143-660A16DCCECD}.Release|Any CPU.ActiveCfg = Release|Any CPU
		{376DC33C-427E-45D7-8143-660A16DCCECD}.Release|Any CPU.Build.0 = Release|Any CPU
	EndGlobalSection
	GlobalSection(SolutionProperties) = preSolution
		HideSolutionNode = FALSE
	EndGlobalSection
	GlobalSection(ExtensibilityGlobals) = postSolution
		SolutionGuid = {218B07D2-F0C3-4ED2-BDF4-41DB8C66900E}
	EndGlobalSection
EndGlobal
