
Microsoft Visual Studio Solution File, Format Version 12.00
# Visual Studio 15
VisualStudioVersion = 15.0.27130.2010
MinimumVisualStudioVersion = 10.0.40219.1
Project("{F184B08F-C81C-45F6-A57F-5ABD9991F28F}") = "ui067", "ui067\ui067.vbproj", "{210BCE63-26E0-46DC-8EA4-5B186627EBE7}"
EndProject
Global
	GlobalSection(SolutionConfigurationPlatforms) = preSolution
		Debug|Any CPU = Debug|Any CPU
		Release|Any CPU = Release|Any CPU
	EndGlobalSection
	GlobalSection(ProjectConfigurationPlatforms) = postSolution
		{210BCE63-26E0-46DC-8EA4-5B186627EBE7}.Debug|Any CPU.ActiveCfg = Debug|Any CPU
		{210BCE63-26E0-46DC-8EA4-5B186627EBE7}.Debug|Any CPU.Build.0 = Debug|Any CPU
		{210BCE63-26E0-46DC-8EA4-5B186627EBE7}.Release|Any CPU.ActiveCfg = Release|Any CPU
		{210BCE63-26E0-46DC-8EA4-5B186627EBE7}.Release|Any CPU.Build.0 = Release|Any CPU
	EndGlobalSection
	GlobalSection(SolutionProperties) = preSolution
		HideSolutionNode = FALSE
	EndGlobalSection
	GlobalSection(ExtensibilityGlobals) = postSolution
		SolutionGuid = {93D17770-1816-4B39-9816-4BB779CAC332}
	EndGlobalSection
EndGlobal
