
Microsoft Visual Studio Solution File, Format Version 12.00
# Visual Studio 15
VisualStudioVersion = 15.0.27004.2009
MinimumVisualStudioVersion = 10.0.40219.1
Project("{F184B08F-C81C-45F6-A57F-5ABD9991F28F}") = "iot488", "iot488\iot488.vbproj", "{F938C451-BBF2-40F7-8870-414194A9978F}"
EndProject
Global
	GlobalSection(SolutionConfigurationPlatforms) = preSolution
		Debug|ARM = Debug|ARM
		Debug|x64 = Debug|x64
		Debug|x86 = Debug|x86
		Release|ARM = Release|ARM
		Release|x64 = Release|x64
		Release|x86 = Release|x86
	EndGlobalSection
	GlobalSection(ProjectConfigurationPlatforms) = postSolution
		{F938C451-BBF2-40F7-8870-414194A9978F}.Debug|ARM.ActiveCfg = Debug|ARM
		{F938C451-BBF2-40F7-8870-414194A9978F}.Debug|ARM.Build.0 = Debug|ARM
		{F938C451-BBF2-40F7-8870-414194A9978F}.Debug|ARM.Deploy.0 = Debug|ARM
		{F938C451-BBF2-40F7-8870-414194A9978F}.Debug|x64.ActiveCfg = Debug|x64
		{F938C451-BBF2-40F7-8870-414194A9978F}.Debug|x64.Build.0 = Debug|x64
		{F938C451-BBF2-40F7-8870-414194A9978F}.Debug|x64.Deploy.0 = Debug|x64
		{F938C451-BBF2-40F7-8870-414194A9978F}.Debug|x86.ActiveCfg = Debug|x86
		{F938C451-BBF2-40F7-8870-414194A9978F}.Debug|x86.Build.0 = Debug|x86
		{F938C451-BBF2-40F7-8870-414194A9978F}.Debug|x86.Deploy.0 = Debug|x86
		{F938C451-BBF2-40F7-8870-414194A9978F}.Release|ARM.ActiveCfg = Release|ARM
		{F938C451-BBF2-40F7-8870-414194A9978F}.Release|ARM.Build.0 = Release|ARM
		{F938C451-BBF2-40F7-8870-414194A9978F}.Release|ARM.Deploy.0 = Release|ARM
		{F938C451-BBF2-40F7-8870-414194A9978F}.Release|x64.ActiveCfg = Release|x64
		{F938C451-BBF2-40F7-8870-414194A9978F}.Release|x64.Build.0 = Release|x64
		{F938C451-BBF2-40F7-8870-414194A9978F}.Release|x64.Deploy.0 = Release|x64
		{F938C451-BBF2-40F7-8870-414194A9978F}.Release|x86.ActiveCfg = Release|x86
		{F938C451-BBF2-40F7-8870-414194A9978F}.Release|x86.Build.0 = Release|x86
		{F938C451-BBF2-40F7-8870-414194A9978F}.Release|x86.Deploy.0 = Release|x86
	EndGlobalSection
	GlobalSection(SolutionProperties) = preSolution
		HideSolutionNode = FALSE
	EndGlobalSection
	GlobalSection(ExtensibilityGlobals) = postSolution
		SolutionGuid = {D73CB3F5-981D-415B-A169-CE4D1748DE98}
	EndGlobalSection
EndGlobal
