
Microsoft Visual Studio Solution File, Format Version 12.00
# Visual Studio 15
VisualStudioVersion = 15.0.27004.2009
MinimumVisualStudioVersion = 10.0.40219.1
Project("{F184B08F-C81C-45F6-A57F-5ABD9991F28F}") = "db256", "db256\db256.vbproj", "{5F9DA775-8F87-424F-AE45-BD2AA02B55F4}"
EndProject
Global
	GlobalSection(SolutionConfigurationPlatforms) = preSolution
		Debug|Any CPU = Debug|Any CPU
		Release|Any CPU = Release|Any CPU
	EndGlobalSection
	GlobalSection(ProjectConfigurationPlatforms) = postSolution
		{5F9DA775-8F87-424F-AE45-BD2AA02B55F4}.Debug|Any CPU.ActiveCfg = Debug|Any CPU
		{5F9DA775-8F87-424F-AE45-BD2AA02B55F4}.Debug|Any CPU.Build.0 = Debug|Any CPU
		{5F9DA775-8F87-424F-AE45-BD2AA02B55F4}.Release|Any CPU.ActiveCfg = Release|Any CPU
		{5F9DA775-8F87-424F-AE45-BD2AA02B55F4}.Release|Any CPU.Build.0 = Release|Any CPU
	EndGlobalSection
	GlobalSection(SolutionProperties) = preSolution
		HideSolutionNode = FALSE
	EndGlobalSection
	GlobalSection(ExtensibilityGlobals) = postSolution
		SolutionGuid = {01783776-8259-4525-8123-EB952143A8B0}
	EndGlobalSection
EndGlobal
