
Microsoft Visual Studio Solution File, Format Version 12.00
# Visual Studio 15
VisualStudioVersion = 15.0.27130.2010
MinimumVisualStudioVersion = 10.0.40219.1
Project("{F184B08F-C81C-45F6-A57F-5ABD9991F28F}") = "ui073", "ui073\ui073.vbproj", "{1DC73D66-E16B-4E30-96C1-E7E881F0EF8C}"
EndProject
Global
	GlobalSection(SolutionConfigurationPlatforms) = preSolution
		Debug|Any CPU = Debug|Any CPU
		Release|Any CPU = Release|Any CPU
	EndGlobalSection
	GlobalSection(ProjectConfigurationPlatforms) = postSolution
		{1DC73D66-E16B-4E30-96C1-E7E881F0EF8C}.Debug|Any CPU.ActiveCfg = Debug|Any CPU
		{1DC73D66-E16B-4E30-96C1-E7E881F0EF8C}.Debug|Any CPU.Build.0 = Debug|Any CPU
		{1DC73D66-E16B-4E30-96C1-E7E881F0EF8C}.Release|Any CPU.ActiveCfg = Release|Any CPU
		{1DC73D66-E16B-4E30-96C1-E7E881F0EF8C}.Release|Any CPU.Build.0 = Release|Any CPU
	EndGlobalSection
	GlobalSection(SolutionProperties) = preSolution
		HideSolutionNode = FALSE
	EndGlobalSection
	GlobalSection(ExtensibilityGlobals) = postSolution
		SolutionGuid = {F7999C51-CD54-4631-A9F9-17A474EF2FD7}
	EndGlobalSection
EndGlobal
