
Microsoft Visual Studio Solution File, Format Version 12.00
# Visual Studio 15
VisualStudioVersion = 15.0.27004.2009
MinimumVisualStudioVersion = 10.0.40219.1
Project("{F184B08F-C81C-45F6-A57F-5ABD9991F28F}") = "app480", "app480\app480.vbproj", "{053A3DBB-9E7A-4B3F-81AE-D1C775D6440A}"
EndProject
Global
	GlobalSection(SolutionConfigurationPlatforms) = preSolution
		Debug|Any CPU = Debug|Any CPU
		Release|Any CPU = Release|Any CPU
	EndGlobalSection
	GlobalSection(ProjectConfigurationPlatforms) = postSolution
		{053A3DBB-9E7A-4B3F-81AE-D1C775D6440A}.Debug|Any CPU.ActiveCfg = Debug|Any CPU
		{053A3DBB-9E7A-4B3F-81AE-D1C775D6440A}.Debug|Any CPU.Build.0 = Debug|Any CPU
		{053A3DBB-9E7A-4B3F-81AE-D1C775D6440A}.Release|Any CPU.ActiveCfg = Release|Any CPU
		{053A3DBB-9E7A-4B3F-81AE-D1C775D6440A}.Release|Any CPU.Build.0 = Release|Any CPU
	EndGlobalSection
	GlobalSection(SolutionProperties) = preSolution
		HideSolutionNode = FALSE
	EndGlobalSection
	GlobalSection(ExtensibilityGlobals) = postSolution
		SolutionGuid = {723D8367-DEAA-4B3C-B869-0231A89A4D72}
	EndGlobalSection
EndGlobal
