
Microsoft Visual Studio Solution File, Format Version 12.00
# Visual Studio 15
VisualStudioVersion = 15.0.27004.2009
MinimumVisualStudioVersion = 10.0.40219.1
Project("{F184B08F-C81C-45F6-A57F-5ABD9991F28F}") = "pg139", "pg139\pg139.vbproj", "{123947F2-24F4-42F6-8933-BC968D5BF95D}"
EndProject
Global
	GlobalSection(SolutionConfigurationPlatforms) = preSolution
		Debug|Any CPU = Debug|Any CPU
		Release|Any CPU = Release|Any CPU
	EndGlobalSection
	GlobalSection(ProjectConfigurationPlatforms) = postSolution
		{123947F2-24F4-42F6-8933-BC968D5BF95D}.Debug|Any CPU.ActiveCfg = Debug|Any CPU
		{123947F2-24F4-42F6-8933-BC968D5BF95D}.Debug|Any CPU.Build.0 = Debug|Any CPU
		{123947F2-24F4-42F6-8933-BC968D5BF95D}.Release|Any CPU.ActiveCfg = Release|Any CPU
		{123947F2-24F4-42F6-8933-BC968D5BF95D}.Release|Any CPU.Build.0 = Release|Any CPU
	EndGlobalSection
	GlobalSection(SolutionProperties) = preSolution
		HideSolutionNode = FALSE
	EndGlobalSection
	GlobalSection(ExtensibilityGlobals) = postSolution
		SolutionGuid = {35EAADB0-16D6-409D-B5B7-7DBA7424B84C}
	EndGlobalSection
EndGlobal
