
Microsoft Visual Studio Solution File, Format Version 12.00
# Visual Studio 15
VisualStudioVersion = 15.0.27004.2009
MinimumVisualStudioVersion = 10.0.40219.1
Project("{F184B08F-C81C-45F6-A57F-5ABD9991F28F}") = "web454", "web454\web454.vbproj", "{F549A889-6C4F-43F4-89C1-36D2CE9E9EF6}"
EndProject
Global
	GlobalSection(SolutionConfigurationPlatforms) = preSolution
		Debug|Any CPU = Debug|Any CPU
		Release|Any CPU = Release|Any CPU
	EndGlobalSection
	GlobalSection(ProjectConfigurationPlatforms) = postSolution
		{F549A889-6C4F-43F4-89C1-36D2CE9E9EF6}.Debug|Any CPU.ActiveCfg = Debug|Any CPU
		{F549A889-6C4F-43F4-89C1-36D2CE9E9EF6}.Debug|Any CPU.Build.0 = Debug|Any CPU
		{F549A889-6C4F-43F4-89C1-36D2CE9E9EF6}.Release|Any CPU.ActiveCfg = Release|Any CPU
		{F549A889-6C4F-43F4-89C1-36D2CE9E9EF6}.Release|Any CPU.Build.0 = Release|Any CPU
	EndGlobalSection
	GlobalSection(SolutionProperties) = preSolution
		HideSolutionNode = FALSE
	EndGlobalSection
	GlobalSection(ExtensibilityGlobals) = postSolution
		SolutionGuid = {65F5AEDA-5AE2-4988-9942-62D75DDCDADC}
	EndGlobalSection
EndGlobal
