
Microsoft Visual Studio Solution File, Format Version 12.00
# Visual Studio 15
VisualStudioVersion = 15.0.27004.2009
MinimumVisualStudioVersion = 10.0.40219.1
Project("{F184B08F-C81C-45F6-A57F-5ABD9991F28F}") = "pg149", "pg149\pg149.vbproj", "{A5AFA4BB-CDBB-4C29-AA96-C1E3D617CFFC}"
EndProject
Global
	GlobalSection(SolutionConfigurationPlatforms) = preSolution
		Debug|Any CPU = Debug|Any CPU
		Release|Any CPU = Release|Any CPU
	EndGlobalSection
	GlobalSection(ProjectConfigurationPlatforms) = postSolution
		{A5AFA4BB-CDBB-4C29-AA96-C1E3D617CFFC}.Debug|Any CPU.ActiveCfg = Debug|Any CPU
		{A5AFA4BB-CDBB-4C29-AA96-C1E3D617CFFC}.Debug|Any CPU.Build.0 = Debug|Any CPU
		{A5AFA4BB-CDBB-4C29-AA96-C1E3D617CFFC}.Release|Any CPU.ActiveCfg = Release|Any CPU
		{A5AFA4BB-CDBB-4C29-AA96-C1E3D617CFFC}.Release|Any CPU.Build.0 = Release|Any CPU
	EndGlobalSection
	GlobalSection(SolutionProperties) = preSolution
		HideSolutionNode = FALSE
	EndGlobalSection
	GlobalSection(ExtensibilityGlobals) = postSolution
		SolutionGuid = {97CE2DAE-8B23-4CC1-AB23-681D4B5C69B9}
	EndGlobalSection
EndGlobal
