
Microsoft Visual Studio Solution File, Format Version 12.00
# Visual Studio 15
VisualStudioVersion = 15.0.27004.2009
MinimumVisualStudioVersion = 10.0.40219.1
Project("{F184B08F-C81C-45F6-A57F-5ABD9991F28F}") = "db255", "db255\db255.vbproj", "{42384A35-02ED-4059-ABA9-84DF5B37C695}"
EndProject
Global
	GlobalSection(SolutionConfigurationPlatforms) = preSolution
		Debug|Any CPU = Debug|Any CPU
		Release|Any CPU = Release|Any CPU
	EndGlobalSection
	GlobalSection(ProjectConfigurationPlatforms) = postSolution
		{42384A35-02ED-4059-ABA9-84DF5B37C695}.Debug|Any CPU.ActiveCfg = Debug|Any CPU
		{42384A35-02ED-4059-ABA9-84DF5B37C695}.Debug|Any CPU.Build.0 = Debug|Any CPU
		{42384A35-02ED-4059-ABA9-84DF5B37C695}.Release|Any CPU.ActiveCfg = Release|Any CPU
		{42384A35-02ED-4059-ABA9-84DF5B37C695}.Release|Any CPU.Build.0 = Release|Any CPU
	EndGlobalSection
	GlobalSection(SolutionProperties) = preSolution
		HideSolutionNode = FALSE
	EndGlobalSection
	GlobalSection(ExtensibilityGlobals) = postSolution
		SolutionGuid = {FD9DC4CA-D263-4360-B3C7-B73DE75C5F12}
	EndGlobalSection
EndGlobal
