
Microsoft Visual Studio Solution File, Format Version 12.00
# Visual Studio 15
VisualStudioVersion = 15.0.27004.2009
MinimumVisualStudioVersion = 10.0.40219.1
Project("{F184B08F-C81C-45F6-A57F-5ABD9991F28F}") = "linq297", "linq297\linq297.vbproj", "{14835770-8874-442F-AB82-42C48A475CB6}"
EndProject
Global
	GlobalSection(SolutionConfigurationPlatforms) = preSolution
		Debug|Any CPU = Debug|Any CPU
		Release|Any CPU = Release|Any CPU
	EndGlobalSection
	GlobalSection(ProjectConfigurationPlatforms) = postSolution
		{14835770-8874-442F-AB82-42C48A475CB6}.Debug|Any CPU.ActiveCfg = Debug|Any CPU
		{14835770-8874-442F-AB82-42C48A475CB6}.Debug|Any CPU.Build.0 = Debug|Any CPU
		{14835770-8874-442F-AB82-42C48A475CB6}.Release|Any CPU.ActiveCfg = Release|Any CPU
		{14835770-8874-442F-AB82-42C48A475CB6}.Release|Any CPU.Build.0 = Release|Any CPU
	EndGlobalSection
	GlobalSection(SolutionProperties) = preSolution
		HideSolutionNode = FALSE
	EndGlobalSection
	GlobalSection(ExtensibilityGlobals) = postSolution
		SolutionGuid = {B21F8D36-D294-4FF6-844A-9DFF77B24504}
	EndGlobalSection
EndGlobal
