
Microsoft Visual Studio Solution File, Format Version 12.00
# Visual Studio 15
VisualStudioVersion = 15.0.27004.2009
MinimumVisualStudioVersion = 10.0.40219.1
Project("{F184B08F-C81C-45F6-A57F-5ABD9991F28F}") = "pg155", "pg155\pg155.vbproj", "{7A677CC4-8880-4A28-97DE-F09954921F01}"
EndProject
Global
	GlobalSection(SolutionConfigurationPlatforms) = preSolution
		Debug|Any CPU = Debug|Any CPU
		Release|Any CPU = Release|Any CPU
	EndGlobalSection
	GlobalSection(ProjectConfigurationPlatforms) = postSolution
		{7A677CC4-8880-4A28-97DE-F09954921F01}.Debug|Any CPU.ActiveCfg = Debug|Any CPU
		{7A677CC4-8880-4A28-97DE-F09954921F01}.Debug|Any CPU.Build.0 = Debug|Any CPU
		{7A677CC4-8880-4A28-97DE-F09954921F01}.Release|Any CPU.ActiveCfg = Release|Any CPU
		{7A677CC4-8880-4A28-97DE-F09954921F01}.Release|Any CPU.Build.0 = Release|Any CPU
	EndGlobalSection
	GlobalSection(SolutionProperties) = preSolution
		HideSolutionNode = FALSE
	EndGlobalSection
	GlobalSection(ExtensibilityGlobals) = postSolution
		SolutionGuid = {7BBC33CE-3F68-4F2B-A125-748D299FC523}
	EndGlobalSection
EndGlobal
