
Microsoft Visual Studio Solution File, Format Version 12.00
# Visual Studio 15
VisualStudioVersion = 15.0.27004.2009
MinimumVisualStudioVersion = 10.0.40219.1
Project("{F184B08F-C81C-45F6-A57F-5ABD9991F28F}") = "excel502", "excel502\excel502.vbproj", "{58D2A03E-EDD9-4777-BBB8-C72D01DD337C}"
EndProject
Global
	GlobalSection(SolutionConfigurationPlatforms) = preSolution
		Debug|Any CPU = Debug|Any CPU
		Release|Any CPU = Release|Any CPU
	EndGlobalSection
	GlobalSection(ProjectConfigurationPlatforms) = postSolution
		{58D2A03E-EDD9-4777-BBB8-C72D01DD337C}.Debug|Any CPU.ActiveCfg = Debug|Any CPU
		{58D2A03E-EDD9-4777-BBB8-C72D01DD337C}.Debug|Any CPU.Build.0 = Debug|Any CPU
		{58D2A03E-EDD9-4777-BBB8-C72D01DD337C}.Release|Any CPU.ActiveCfg = Release|Any CPU
		{58D2A03E-EDD9-4777-BBB8-C72D01DD337C}.Release|Any CPU.Build.0 = Release|Any CPU
	EndGlobalSection
	GlobalSection(SolutionProperties) = preSolution
		HideSolutionNode = FALSE
	EndGlobalSection
	GlobalSection(ExtensibilityGlobals) = postSolution
		SolutionGuid = {25529389-6EFB-46FE-8FA0-1EA22235D9EF}
	EndGlobalSection
EndGlobal
