
Microsoft Visual Studio Solution File, Format Version 12.00
# Visual Studio 15
VisualStudioVersion = 15.0.27703.2026
MinimumVisualStudioVersion = 10.0.40219.1
Project("{F184B08F-C81C-45F6-A57F-5ABD9991F28F}") = "excel505", "excel505\excel505.vbproj", "{1A85D93A-C316-4589-9469-CDB16D93E5CA}"
EndProject
Global
	GlobalSection(SolutionConfigurationPlatforms) = preSolution
		Debug|Any CPU = Debug|Any CPU
		Release|Any CPU = Release|Any CPU
	EndGlobalSection
	GlobalSection(ProjectConfigurationPlatforms) = postSolution
		{1A85D93A-C316-4589-9469-CDB16D93E5CA}.Debug|Any CPU.ActiveCfg = Debug|Any CPU
		{1A85D93A-C316-4589-9469-CDB16D93E5CA}.Debug|Any CPU.Build.0 = Debug|Any CPU
		{1A85D93A-C316-4589-9469-CDB16D93E5CA}.Release|Any CPU.ActiveCfg = Release|Any CPU
		{1A85D93A-C316-4589-9469-CDB16D93E5CA}.Release|Any CPU.Build.0 = Release|Any CPU
	EndGlobalSection
	GlobalSection(SolutionProperties) = preSolution
		HideSolutionNode = FALSE
	EndGlobalSection
	GlobalSection(ExtensibilityGlobals) = postSolution
		SolutionGuid = {B0FF008C-EFCB-4A88-829B-E7C9E4630E50}
	EndGlobalSection
EndGlobal
