
Microsoft Visual Studio Solution File, Format Version 12.00
# Visual Studio 15
VisualStudioVersion = 15.0.27130.2010
MinimumVisualStudioVersion = 10.0.40219.1
Project("{F184B08F-C81C-45F6-A57F-5ABD9991F28F}") = "ui096", "ui096\ui096.vbproj", "{555DC729-008D-448F-A50B-AE79E5155AB3}"
EndProject
Global
	GlobalSection(SolutionConfigurationPlatforms) = preSolution
		Debug|Any CPU = Debug|Any CPU
		Release|Any CPU = Release|Any CPU
	EndGlobalSection
	GlobalSection(ProjectConfigurationPlatforms) = postSolution
		{555DC729-008D-448F-A50B-AE79E5155AB3}.Debug|Any CPU.ActiveCfg = Debug|Any CPU
		{555DC729-008D-448F-A50B-AE79E5155AB3}.Debug|Any CPU.Build.0 = Debug|Any CPU
		{555DC729-008D-448F-A50B-AE79E5155AB3}.Release|Any CPU.ActiveCfg = Release|Any CPU
		{555DC729-008D-448F-A50B-AE79E5155AB3}.Release|Any CPU.Build.0 = Release|Any CPU
	EndGlobalSection
	GlobalSection(SolutionProperties) = preSolution
		HideSolutionNode = FALSE
	EndGlobalSection
	GlobalSection(ExtensibilityGlobals) = postSolution
		SolutionGuid = {E60A8658-E314-49B7-A433-5D64A37F661E}
	EndGlobalSection
EndGlobal
