
Microsoft Visual Studio Solution File, Format Version 12.00
# Visual Studio 15
VisualStudioVersion = 15.0.27004.2009
MinimumVisualStudioVersion = 10.0.40219.1
Project("{F184B08F-C81C-45F6-A57F-5ABD9991F28F}") = "pg150", "pg150\pg150.vbproj", "{BD102273-CB4D-4FBA-8739-E83250789F69}"
EndProject
Global
	GlobalSection(SolutionConfigurationPlatforms) = preSolution
		Debug|Any CPU = Debug|Any CPU
		Release|Any CPU = Release|Any CPU
	EndGlobalSection
	GlobalSection(ProjectConfigurationPlatforms) = postSolution
		{BD102273-CB4D-4FBA-8739-E83250789F69}.Debug|Any CPU.ActiveCfg = Debug|Any CPU
		{BD102273-CB4D-4FBA-8739-E83250789F69}.Debug|Any CPU.Build.0 = Debug|Any CPU
		{BD102273-CB4D-4FBA-8739-E83250789F69}.Release|Any CPU.ActiveCfg = Release|Any CPU
		{BD102273-CB4D-4FBA-8739-E83250789F69}.Release|Any CPU.Build.0 = Release|Any CPU
	EndGlobalSection
	GlobalSection(SolutionProperties) = preSolution
		HideSolutionNode = FALSE
	EndGlobalSection
	GlobalSection(ExtensibilityGlobals) = postSolution
		SolutionGuid = {B0362641-4265-47E6-8DF2-32B648C0102C}
	EndGlobalSection
EndGlobal
