
Microsoft Visual Studio Solution File, Format Version 12.00
# Visual Studio 15
VisualStudioVersion = 15.0.27004.2009
MinimumVisualStudioVersion = 10.0.40219.1
Project("{F184B08F-C81C-45F6-A57F-5ABD9991F28F}") = "pg132", "pg132\pg132.vbproj", "{11821661-01ED-4AB0-B2EA-B51FBDC87BC2}"
EndProject
Global
	GlobalSection(SolutionConfigurationPlatforms) = preSolution
		Debug|Any CPU = Debug|Any CPU
		Release|Any CPU = Release|Any CPU
	EndGlobalSection
	GlobalSection(ProjectConfigurationPlatforms) = postSolution
		{11821661-01ED-4AB0-B2EA-B51FBDC87BC2}.Debug|Any CPU.ActiveCfg = Debug|Any CPU
		{11821661-01ED-4AB0-B2EA-B51FBDC87BC2}.Debug|Any CPU.Build.0 = Debug|Any CPU
		{11821661-01ED-4AB0-B2EA-B51FBDC87BC2}.Release|Any CPU.ActiveCfg = Release|Any CPU
		{11821661-01ED-4AB0-B2EA-B51FBDC87BC2}.Release|Any CPU.Build.0 = Release|Any CPU
	EndGlobalSection
	GlobalSection(SolutionProperties) = preSolution
		HideSolutionNode = FALSE
	EndGlobalSection
	GlobalSection(ExtensibilityGlobals) = postSolution
		SolutionGuid = {82EBE2D4-8B87-484D-B5EF-23AD10DBE3E3}
	EndGlobalSection
EndGlobal
