
Microsoft Visual Studio Solution File, Format Version 12.00
# Visual Studio 15
VisualStudioVersion = 15.0.27130.2010
MinimumVisualStudioVersion = 10.0.40219.1
Project("{F184B08F-C81C-45F6-A57F-5ABD9991F28F}") = "ui120", "ui120\ui120.vbproj", "{E33674CD-9D65-4871-B367-3A90AA1F03A3}"
EndProject
Global
	GlobalSection(SolutionConfigurationPlatforms) = preSolution
		Debug|Any CPU = Debug|Any CPU
		Release|Any CPU = Release|Any CPU
	EndGlobalSection
	GlobalSection(ProjectConfigurationPlatforms) = postSolution
		{E33674CD-9D65-4871-B367-3A90AA1F03A3}.Debug|Any CPU.ActiveCfg = Debug|Any CPU
		{E33674CD-9D65-4871-B367-3A90AA1F03A3}.Debug|Any CPU.Build.0 = Debug|Any CPU
		{E33674CD-9D65-4871-B367-3A90AA1F03A3}.Release|Any CPU.ActiveCfg = Release|Any CPU
		{E33674CD-9D65-4871-B367-3A90AA1F03A3}.Release|Any CPU.Build.0 = Release|Any CPU
	EndGlobalSection
	GlobalSection(SolutionProperties) = preSolution
		HideSolutionNode = FALSE
	EndGlobalSection
	GlobalSection(ExtensibilityGlobals) = postSolution
		SolutionGuid = {3C031033-1AA8-48E8-B5B5-C79EB6980CF4}
	EndGlobalSection
EndGlobal
