
Microsoft Visual Studio Solution File, Format Version 12.00
# Visual Studio 15
VisualStudioVersion = 15.0.27004.2009
MinimumVisualStudioVersion = 10.0.40219.1
Project("{F184B08F-C81C-45F6-A57F-5ABD9991F28F}") = "pg179", "pg179\pg179.vbproj", "{44B4F4A0-3F53-4F33-8C89-4C79B6D8D129}"
EndProject
Global
	GlobalSection(SolutionConfigurationPlatforms) = preSolution
		Debug|Any CPU = Debug|Any CPU
		Release|Any CPU = Release|Any CPU
	EndGlobalSection
	GlobalSection(ProjectConfigurationPlatforms) = postSolution
		{44B4F4A0-3F53-4F33-8C89-4C79B6D8D129}.Debug|Any CPU.ActiveCfg = Debug|Any CPU
		{44B4F4A0-3F53-4F33-8C89-4C79B6D8D129}.Debug|Any CPU.Build.0 = Debug|Any CPU
		{44B4F4A0-3F53-4F33-8C89-4C79B6D8D129}.Release|Any CPU.ActiveCfg = Release|Any CPU
		{44B4F4A0-3F53-4F33-8C89-4C79B6D8D129}.Release|Any CPU.Build.0 = Release|Any CPU
	EndGlobalSection
	GlobalSection(SolutionProperties) = preSolution
		HideSolutionNode = FALSE
	EndGlobalSection
	GlobalSection(ExtensibilityGlobals) = postSolution
		SolutionGuid = {20978865-9E25-4408-964B-F5973CFD0FAA}
	EndGlobalSection
EndGlobal
