
Microsoft Visual Studio Solution File, Format Version 12.00
# Visual Studio 15
VisualStudioVersion = 15.0.27004.2009
MinimumVisualStudioVersion = 10.0.40219.1
Project("{F184B08F-C81C-45F6-A57F-5ABD9991F28F}") = "iot487", "iot487\iot487.vbproj", "{2823CAE4-5057-4EF0-9E59-B2F314ACE631}"
EndProject
Global
	GlobalSection(SolutionConfigurationPlatforms) = preSolution
		Debug|ARM = Debug|ARM
		Debug|x64 = Debug|x64
		Debug|x86 = Debug|x86
		Release|ARM = Release|ARM
		Release|x64 = Release|x64
		Release|x86 = Release|x86
	EndGlobalSection
	GlobalSection(ProjectConfigurationPlatforms) = postSolution
		{2823CAE4-5057-4EF0-9E59-B2F314ACE631}.Debug|ARM.ActiveCfg = Debug|ARM
		{2823CAE4-5057-4EF0-9E59-B2F314ACE631}.Debug|ARM.Build.0 = Debug|ARM
		{2823CAE4-5057-4EF0-9E59-B2F314ACE631}.Debug|ARM.Deploy.0 = Debug|ARM
		{2823CAE4-5057-4EF0-9E59-B2F314ACE631}.Debug|x64.ActiveCfg = Debug|x64
		{2823CAE4-5057-4EF0-9E59-B2F314ACE631}.Debug|x64.Build.0 = Debug|x64
		{2823CAE4-5057-4EF0-9E59-B2F314ACE631}.Debug|x64.Deploy.0 = Debug|x64
		{2823CAE4-5057-4EF0-9E59-B2F314ACE631}.Debug|x86.ActiveCfg = Debug|x86
		{2823CAE4-5057-4EF0-9E59-B2F314ACE631}.Debug|x86.Build.0 = Debug|x86
		{2823CAE4-5057-4EF0-9E59-B2F314ACE631}.Debug|x86.Deploy.0 = Debug|x86
		{2823CAE4-5057-4EF0-9E59-B2F314ACE631}.Release|ARM.ActiveCfg = Release|ARM
		{2823CAE4-5057-4EF0-9E59-B2F314ACE631}.Release|ARM.Build.0 = Release|ARM
		{2823CAE4-5057-4EF0-9E59-B2F314ACE631}.Release|ARM.Deploy.0 = Release|ARM
		{2823CAE4-5057-4EF0-9E59-B2F314ACE631}.Release|x64.ActiveCfg = Release|x64
		{2823CAE4-5057-4EF0-9E59-B2F314ACE631}.Release|x64.Build.0 = Release|x64
		{2823CAE4-5057-4EF0-9E59-B2F314ACE631}.Release|x64.Deploy.0 = Release|x64
		{2823CAE4-5057-4EF0-9E59-B2F314ACE631}.Release|x86.ActiveCfg = Release|x86
		{2823CAE4-5057-4EF0-9E59-B2F314ACE631}.Release|x86.Build.0 = Release|x86
		{2823CAE4-5057-4EF0-9E59-B2F314ACE631}.Release|x86.Deploy.0 = Release|x86
	EndGlobalSection
	GlobalSection(SolutionProperties) = preSolution
		HideSolutionNode = FALSE
	EndGlobalSection
	GlobalSection(ExtensibilityGlobals) = postSolution
		SolutionGuid = {453D490D-2672-4CB6-87AB-9B5DB4A73C1A}
	EndGlobalSection
EndGlobal
