
Microsoft Visual Studio Solution File, Format Version 12.00
# Visual Studio 15
VisualStudioVersion = 15.0.27004.2009
MinimumVisualStudioVersion = 10.0.40219.1
Project("{F184B08F-C81C-45F6-A57F-5ABD9991F28F}") = "db280", "db280\db280.vbproj", "{70B538AE-B8FA-490B-AA12-5068D1A5D9E5}"
EndProject
Global
	GlobalSection(SolutionConfigurationPlatforms) = preSolution
		Debug|Any CPU = Debug|Any CPU
		Release|Any CPU = Release|Any CPU
	EndGlobalSection
	GlobalSection(ProjectConfigurationPlatforms) = postSolution
		{70B538AE-B8FA-490B-AA12-5068D1A5D9E5}.Debug|Any CPU.ActiveCfg = Debug|Any CPU
		{70B538AE-B8FA-490B-AA12-5068D1A5D9E5}.Debug|Any CPU.Build.0 = Debug|Any CPU
		{70B538AE-B8FA-490B-AA12-5068D1A5D9E5}.Release|Any CPU.ActiveCfg = Release|Any CPU
		{70B538AE-B8FA-490B-AA12-5068D1A5D9E5}.Release|Any CPU.Build.0 = Release|Any CPU
	EndGlobalSection
	GlobalSection(SolutionProperties) = preSolution
		HideSolutionNode = FALSE
	EndGlobalSection
	GlobalSection(ExtensibilityGlobals) = postSolution
		SolutionGuid = {B221E5C3-8257-4BFD-9D63-AD2D741FCC05}
	EndGlobalSection
EndGlobal
