
Microsoft Visual Studio Solution File, Format Version 12.00
# Visual Studio 15
VisualStudioVersion = 15.0.27004.2009
MinimumVisualStudioVersion = 10.0.40219.1
Project("{F184B08F-C81C-45F6-A57F-5ABD9991F28F}") = "pg174", "pg174\pg174.vbproj", "{BEF44904-2CA5-4361-B347-4752211069DA}"
EndProject
Global
	GlobalSection(SolutionConfigurationPlatforms) = preSolution
		Debug|Any CPU = Debug|Any CPU
		Release|Any CPU = Release|Any CPU
	EndGlobalSection
	GlobalSection(ProjectConfigurationPlatforms) = postSolution
		{BEF44904-2CA5-4361-B347-4752211069DA}.Debug|Any CPU.ActiveCfg = Debug|Any CPU
		{BEF44904-2CA5-4361-B347-4752211069DA}.Debug|Any CPU.Build.0 = Debug|Any CPU
		{BEF44904-2CA5-4361-B347-4752211069DA}.Release|Any CPU.ActiveCfg = Release|Any CPU
		{BEF44904-2CA5-4361-B347-4752211069DA}.Release|Any CPU.Build.0 = Release|Any CPU
	EndGlobalSection
	GlobalSection(SolutionProperties) = preSolution
		HideSolutionNode = FALSE
	EndGlobalSection
	GlobalSection(ExtensibilityGlobals) = postSolution
		SolutionGuid = {56D7F8E3-9DCE-415B-8853-780E469CB5AA}
	EndGlobalSection
EndGlobal
