
Microsoft Visual Studio Solution File, Format Version 12.00
# Visual Studio 15
VisualStudioVersion = 15.0.27004.2009
MinimumVisualStudioVersion = 10.0.40219.1
Project("{F184B08F-C81C-45F6-A57F-5ABD9991F28F}") = "wpf371", "wpf371\wpf371.vbproj", "{B41AC1FC-E293-41EC-8773-93272E1F31EB}"
EndProject
Global
	GlobalSection(SolutionConfigurationPlatforms) = preSolution
		Debug|Any CPU = Debug|Any CPU
		Release|Any CPU = Release|Any CPU
	EndGlobalSection
	GlobalSection(ProjectConfigurationPlatforms) = postSolution
		{B41AC1FC-E293-41EC-8773-93272E1F31EB}.Debug|Any CPU.ActiveCfg = Debug|Any CPU
		{B41AC1FC-E293-41EC-8773-93272E1F31EB}.Debug|Any CPU.Build.0 = Debug|Any CPU
		{B41AC1FC-E293-41EC-8773-93272E1F31EB}.Release|Any CPU.ActiveCfg = Release|Any CPU
		{B41AC1FC-E293-41EC-8773-93272E1F31EB}.Release|Any CPU.Build.0 = Release|Any CPU
	EndGlobalSection
	GlobalSection(SolutionProperties) = preSolution
		HideSolutionNode = FALSE
	EndGlobalSection
	GlobalSection(ExtensibilityGlobals) = postSolution
		SolutionGuid = {BB248872-6C4B-49DD-A4B9-A393D0F74045}
	EndGlobalSection
EndGlobal
