
Microsoft Visual Studio Solution File, Format Version 12.00
# Visual Studio 15
VisualStudioVersion = 15.0.27004.2009
MinimumVisualStudioVersion = 10.0.40219.1
Project("{F184B08F-C81C-45F6-A57F-5ABD9991F28F}") = "excel503", "excel503\excel503.vbproj", "{053E89F0-AF62-4C62-8262-4829AD853519}"
EndProject
Global
	GlobalSection(SolutionConfigurationPlatforms) = preSolution
		Debug|Any CPU = Debug|Any CPU
		Release|Any CPU = Release|Any CPU
	EndGlobalSection
	GlobalSection(ProjectConfigurationPlatforms) = postSolution
		{053E89F0-AF62-4C62-8262-4829AD853519}.Debug|Any CPU.ActiveCfg = Debug|Any CPU
		{053E89F0-AF62-4C62-8262-4829AD853519}.Debug|Any CPU.Build.0 = Debug|Any CPU
		{053E89F0-AF62-4C62-8262-4829AD853519}.Release|Any CPU.ActiveCfg = Release|Any CPU
		{053E89F0-AF62-4C62-8262-4829AD853519}.Release|Any CPU.Build.0 = Release|Any CPU
	EndGlobalSection
	GlobalSection(SolutionProperties) = preSolution
		HideSolutionNode = FALSE
	EndGlobalSection
	GlobalSection(ExtensibilityGlobals) = postSolution
		SolutionGuid = {7D592A51-BFF2-4B9C-8687-A4D8AD728BC3}
	EndGlobalSection
EndGlobal
