
Microsoft Visual Studio Solution File, Format Version 12.00
# Visual Studio 15
VisualStudioVersion = 15.0.27703.2000
MinimumVisualStudioVersion = 10.0.40219.1
Project("{F184B08F-C81C-45F6-A57F-5ABD9991F28F}") = "ui037", "ui037\ui037.vbproj", "{EEBEFCA7-70E9-47F5-A492-752DC3D8D6D4}"
EndProject
Global
	GlobalSection(SolutionConfigurationPlatforms) = preSolution
		Debug|Any CPU = Debug|Any CPU
		Release|Any CPU = Release|Any CPU
	EndGlobalSection
	GlobalSection(ProjectConfigurationPlatforms) = postSolution
		{EEBEFCA7-70E9-47F5-A492-752DC3D8D6D4}.Debug|Any CPU.ActiveCfg = Debug|Any CPU
		{EEBEFCA7-70E9-47F5-A492-752DC3D8D6D4}.Debug|Any CPU.Build.0 = Debug|Any CPU
		{EEBEFCA7-70E9-47F5-A492-752DC3D8D6D4}.Release|Any CPU.ActiveCfg = Release|Any CPU
		{EEBEFCA7-70E9-47F5-A492-752DC3D8D6D4}.Release|Any CPU.Build.0 = Release|Any CPU
	EndGlobalSection
	GlobalSection(SolutionProperties) = preSolution
		HideSolutionNode = FALSE
	EndGlobalSection
	GlobalSection(ExtensibilityGlobals) = postSolution
		SolutionGuid = {3162FB9C-6750-465D-800B-6FB161E2511B}
	EndGlobalSection
EndGlobal
