
Microsoft Visual Studio Solution File, Format Version 12.00
# Visual Studio 15
VisualStudioVersion = 15.0.27004.2009
MinimumVisualStudioVersion = 10.0.40219.1
Project("{F184B08F-C81C-45F6-A57F-5ABD9991F28F}") = "excel492", "excel492\excel492.vbproj", "{AC4C0271-CBDE-4FF9-A713-CE0BECF419B4}"
EndProject
Global
	GlobalSection(SolutionConfigurationPlatforms) = preSolution
		Debug|Any CPU = Debug|Any CPU
		Release|Any CPU = Release|Any CPU
	EndGlobalSection
	GlobalSection(ProjectConfigurationPlatforms) = postSolution
		{AC4C0271-CBDE-4FF9-A713-CE0BECF419B4}.Debug|Any CPU.ActiveCfg = Debug|Any CPU
		{AC4C0271-CBDE-4FF9-A713-CE0BECF419B4}.Debug|Any CPU.Build.0 = Debug|Any CPU
		{AC4C0271-CBDE-4FF9-A713-CE0BECF419B4}.Release|Any CPU.ActiveCfg = Release|Any CPU
		{AC4C0271-CBDE-4FF9-A713-CE0BECF419B4}.Release|Any CPU.Build.0 = Release|Any CPU
	EndGlobalSection
	GlobalSection(SolutionProperties) = preSolution
		HideSolutionNode = FALSE
	EndGlobalSection
	GlobalSection(ExtensibilityGlobals) = postSolution
		SolutionGuid = {78FFAEBC-ABAF-45CD-8133-4760EF99F99A}
	EndGlobalSection
EndGlobal
