
Microsoft Visual Studio Solution File, Format Version 12.00
# Visual Studio 15
VisualStudioVersion = 15.0.27004.2009
MinimumVisualStudioVersion = 10.0.40219.1
Project("{F184B08F-C81C-45F6-A57F-5ABD9991F28F}") = "debug338", "debug338\debug338.vbproj", "{DBD01E44-FA57-4052-AE35-2F7E8DFB5A5F}"
EndProject
Global
	GlobalSection(SolutionConfigurationPlatforms) = preSolution
		Debug|Any CPU = Debug|Any CPU
		Release|Any CPU = Release|Any CPU
	EndGlobalSection
	GlobalSection(ProjectConfigurationPlatforms) = postSolution
		{DBD01E44-FA57-4052-AE35-2F7E8DFB5A5F}.Debug|Any CPU.ActiveCfg = Debug|Any CPU
		{DBD01E44-FA57-4052-AE35-2F7E8DFB5A5F}.Debug|Any CPU.Build.0 = Debug|Any CPU
		{DBD01E44-FA57-4052-AE35-2F7E8DFB5A5F}.Release|Any CPU.ActiveCfg = Release|Any CPU
		{DBD01E44-FA57-4052-AE35-2F7E8DFB5A5F}.Release|Any CPU.Build.0 = Release|Any CPU
	EndGlobalSection
	GlobalSection(SolutionProperties) = preSolution
		HideSolutionNode = FALSE
	EndGlobalSection
	GlobalSection(ExtensibilityGlobals) = postSolution
		SolutionGuid = {A4813D86-D303-4D60-9C5F-D68FCC35BCE7}
	EndGlobalSection
EndGlobal
