
Microsoft Visual Studio Solution File, Format Version 12.00
# Visual Studio 15
VisualStudioVersion = 15.0.27004.2009
MinimumVisualStudioVersion = 10.0.40219.1
Project("{F184B08F-C81C-45F6-A57F-5ABD9991F28F}") = "net423", "net423\net423.vbproj", "{2E96A377-67CA-44B9-9B32-0EECF4554078}"
EndProject
Global
	GlobalSection(SolutionConfigurationPlatforms) = preSolution
		Debug|Any CPU = Debug|Any CPU
		Release|Any CPU = Release|Any CPU
	EndGlobalSection
	GlobalSection(ProjectConfigurationPlatforms) = postSolution
		{2E96A377-67CA-44B9-9B32-0EECF4554078}.Debug|Any CPU.ActiveCfg = Debug|Any CPU
		{2E96A377-67CA-44B9-9B32-0EECF4554078}.Debug|Any CPU.Build.0 = Debug|Any CPU
		{2E96A377-67CA-44B9-9B32-0EECF4554078}.Release|Any CPU.ActiveCfg = Release|Any CPU
		{2E96A377-67CA-44B9-9B32-0EECF4554078}.Release|Any CPU.Build.0 = Release|Any CPU
	EndGlobalSection
	GlobalSection(SolutionProperties) = preSolution
		HideSolutionNode = FALSE
	EndGlobalSection
	GlobalSection(ExtensibilityGlobals) = postSolution
		SolutionGuid = {89DC561F-AFC0-4C88-8C1F-28DA26A43333}
	EndGlobalSection
EndGlobal
