
Microsoft Visual Studio Solution File, Format Version 12.00
# Visual Studio 14
VisualStudioVersion = 14.0.24720.0
MinimumVisualStudioVersion = 10.0.40219.1
Project("{F184B08F-C81C-45F6-A57F-5ABD9991F28F}") = "pg180", "pg180\pg180.vbproj", "{CE571382-9536-4ABE-B384-805255F55754}"
EndProject
Global
	GlobalSection(SolutionConfigurationPlatforms) = preSolution
		Debug|Any CPU = Debug|Any CPU
		Release|Any CPU = Release|Any CPU
	EndGlobalSection
	GlobalSection(ProjectConfigurationPlatforms) = postSolution
		{CE571382-9536-4ABE-B384-805255F55754}.Debug|Any CPU.ActiveCfg = Debug|Any CPU
		{CE571382-9536-4ABE-B384-805255F55754}.Debug|Any CPU.Build.0 = Debug|Any CPU
		{CE571382-9536-4ABE-B384-805255F55754}.Release|Any CPU.ActiveCfg = Release|Any CPU
		{CE571382-9536-4ABE-B384-805255F55754}.Release|Any CPU.Build.0 = Release|Any CPU
	EndGlobalSection
	GlobalSection(SolutionProperties) = preSolution
		HideSolutionNode = FALSE
	EndGlobalSection
EndGlobal
