
Microsoft Visual Studio Solution File, Format Version 12.00
# Visual Studio 15
VisualStudioVersion = 15.0.27004.2009
MinimumVisualStudioVersion = 10.0.40219.1
Project("{F184B08F-C81C-45F6-A57F-5ABD9991F28F}") = "error312", "error312\error312.vbproj", "{0F7FFCE8-206B-418C-A302-C9D89BCB5238}"
EndProject
Global
	GlobalSection(SolutionConfigurationPlatforms) = preSolution
		Debug|Any CPU = Debug|Any CPU
		Release|Any CPU = Release|Any CPU
	EndGlobalSection
	GlobalSection(ProjectConfigurationPlatforms) = postSolution
		{0F7FFCE8-206B-418C-A302-C9D89BCB5238}.Debug|Any CPU.ActiveCfg = Debug|Any CPU
		{0F7FFCE8-206B-418C-A302-C9D89BCB5238}.Debug|Any CPU.Build.0 = Debug|Any CPU
		{0F7FFCE8-206B-418C-A302-C9D89BCB5238}.Release|Any CPU.ActiveCfg = Release|Any CPU
		{0F7FFCE8-206B-418C-A302-C9D89BCB5238}.Release|Any CPU.Build.0 = Release|Any CPU
	EndGlobalSection
	GlobalSection(SolutionProperties) = preSolution
		HideSolutionNode = FALSE
	EndGlobalSection
	GlobalSection(ExtensibilityGlobals) = postSolution
		SolutionGuid = {CE80235E-6266-478B-995B-1FF937E03F72}
	EndGlobalSection
EndGlobal
