
Microsoft Visual Studio Solution File, Format Version 12.00
# Visual Studio 15
VisualStudioVersion = 15.0.27004.2009
MinimumVisualStudioVersion = 10.0.40219.1
Project("{F184B08F-C81C-45F6-A57F-5ABD9991F28F}") = "web439", "web439\web439.vbproj", "{49A6826B-2CD2-47DE-BE92-43C00CB7D73E}"
EndProject
Global
	GlobalSection(SolutionConfigurationPlatforms) = preSolution
		Debug|Any CPU = Debug|Any CPU
		Release|Any CPU = Release|Any CPU
	EndGlobalSection
	GlobalSection(ProjectConfigurationPlatforms) = postSolution
		{49A6826B-2CD2-47DE-BE92-43C00CB7D73E}.Debug|Any CPU.ActiveCfg = Debug|Any CPU
		{49A6826B-2CD2-47DE-BE92-43C00CB7D73E}.Debug|Any CPU.Build.0 = Debug|Any CPU
		{49A6826B-2CD2-47DE-BE92-43C00CB7D73E}.Release|Any CPU.ActiveCfg = Release|Any CPU
		{49A6826B-2CD2-47DE-BE92-43C00CB7D73E}.Release|Any CPU.Build.0 = Release|Any CPU
	EndGlobalSection
	GlobalSection(SolutionProperties) = preSolution
		HideSolutionNode = FALSE
	EndGlobalSection
	GlobalSection(ExtensibilityGlobals) = postSolution
		SolutionGuid = {EE4E57F4-7113-4753-98D2-C39FE1A7AB0B}
	EndGlobalSection
EndGlobal
