
Microsoft Visual Studio Solution File, Format Version 12.00
# Visual Studio 15
VisualStudioVersion = 15.0.27004.2009
MinimumVisualStudioVersion = 10.0.40219.1
Project("{F184B08F-C81C-45F6-A57F-5ABD9991F28F}") = "pg130", "pg130\pg130.vbproj", "{3AF84351-7B51-4478-A790-C8FCA2AD9800}"
EndProject
Global
	GlobalSection(SolutionConfigurationPlatforms) = preSolution
		Debug|Any CPU = Debug|Any CPU
		Release|Any CPU = Release|Any CPU
	EndGlobalSection
	GlobalSection(ProjectConfigurationPlatforms) = postSolution
		{3AF84351-7B51-4478-A790-C8FCA2AD9800}.Debug|Any CPU.ActiveCfg = Debug|Any CPU
		{3AF84351-7B51-4478-A790-C8FCA2AD9800}.Debug|Any CPU.Build.0 = Debug|Any CPU
		{3AF84351-7B51-4478-A790-C8FCA2AD9800}.Release|Any CPU.ActiveCfg = Release|Any CPU
		{3AF84351-7B51-4478-A790-C8FCA2AD9800}.Release|Any CPU.Build.0 = Release|Any CPU
	EndGlobalSection
	GlobalSection(SolutionProperties) = preSolution
		HideSolutionNode = FALSE
	EndGlobalSection
	GlobalSection(ExtensibilityGlobals) = postSolution
		SolutionGuid = {22D2D2C1-96BA-4F09-AAAB-FB39793B0CA9}
	EndGlobalSection
EndGlobal
