
Microsoft Visual Studio Solution File, Format Version 12.00
# Visual Studio 15
VisualStudioVersion = 15.0.27130.2010
MinimumVisualStudioVersion = 10.0.40219.1
Project("{F184B08F-C81C-45F6-A57F-5ABD9991F28F}") = "ui064", "ui064\ui064.vbproj", "{52186D8B-921A-410E-8E35-9C8E25255CC0}"
EndProject
Global
	GlobalSection(SolutionConfigurationPlatforms) = preSolution
		Debug|Any CPU = Debug|Any CPU
		Release|Any CPU = Release|Any CPU
	EndGlobalSection
	GlobalSection(ProjectConfigurationPlatforms) = postSolution
		{52186D8B-921A-410E-8E35-9C8E25255CC0}.Debug|Any CPU.ActiveCfg = Debug|Any CPU
		{52186D8B-921A-410E-8E35-9C8E25255CC0}.Debug|Any CPU.Build.0 = Debug|Any CPU
		{52186D8B-921A-410E-8E35-9C8E25255CC0}.Release|Any CPU.ActiveCfg = Release|Any CPU
		{52186D8B-921A-410E-8E35-9C8E25255CC0}.Release|Any CPU.Build.0 = Release|Any CPU
	EndGlobalSection
	GlobalSection(SolutionProperties) = preSolution
		HideSolutionNode = FALSE
	EndGlobalSection
	GlobalSection(ExtensibilityGlobals) = postSolution
		SolutionGuid = {2121295E-2CBF-4127-813E-41F2B967C2C5}
	EndGlobalSection
EndGlobal
