
Microsoft Visual Studio Solution File, Format Version 12.00
# Visual Studio 15
VisualStudioVersion = 15.0.27130.2010
MinimumVisualStudioVersion = 10.0.40219.1
Project("{F184B08F-C81C-45F6-A57F-5ABD9991F28F}") = "ui047", "ui047\ui047.vbproj", "{FC623DC5-2AA4-498B-8747-2CC44BA06903}"
EndProject
Global
	GlobalSection(SolutionConfigurationPlatforms) = preSolution
		Debug|Any CPU = Debug|Any CPU
		Release|Any CPU = Release|Any CPU
	EndGlobalSection
	GlobalSection(ProjectConfigurationPlatforms) = postSolution
		{FC623DC5-2AA4-498B-8747-2CC44BA06903}.Debug|Any CPU.ActiveCfg = Debug|Any CPU
		{FC623DC5-2AA4-498B-8747-2CC44BA06903}.Debug|Any CPU.Build.0 = Debug|Any CPU
		{FC623DC5-2AA4-498B-8747-2CC44BA06903}.Release|Any CPU.ActiveCfg = Release|Any CPU
		{FC623DC5-2AA4-498B-8747-2CC44BA06903}.Release|Any CPU.Build.0 = Release|Any CPU
	EndGlobalSection
	GlobalSection(SolutionProperties) = preSolution
		HideSolutionNode = FALSE
	EndGlobalSection
	GlobalSection(ExtensibilityGlobals) = postSolution
		SolutionGuid = {CF020313-1AA9-4908-9F5A-DB6DD904899D}
	EndGlobalSection
EndGlobal
