
Microsoft Visual Studio Solution File, Format Version 12.00
# Visual Studio 15
VisualStudioVersion = 15.0.27004.2009
MinimumVisualStudioVersion = 10.0.40219.1
Project("{F184B08F-C81C-45F6-A57F-5ABD9991F28F}") = "debug331", "debug331\debug331.vbproj", "{B9A77F68-3CE9-49E6-BE61-D98DA85DDFEB}"
EndProject
Global
	GlobalSection(SolutionConfigurationPlatforms) = preSolution
		Debug|Any CPU = Debug|Any CPU
		Release|Any CPU = Release|Any CPU
	EndGlobalSection
	GlobalSection(ProjectConfigurationPlatforms) = postSolution
		{B9A77F68-3CE9-49E6-BE61-D98DA85DDFEB}.Debug|Any CPU.ActiveCfg = Debug|Any CPU
		{B9A77F68-3CE9-49E6-BE61-D98DA85DDFEB}.Debug|Any CPU.Build.0 = Debug|Any CPU
		{B9A77F68-3CE9-49E6-BE61-D98DA85DDFEB}.Release|Any CPU.ActiveCfg = Release|Any CPU
		{B9A77F68-3CE9-49E6-BE61-D98DA85DDFEB}.Release|Any CPU.Build.0 = Release|Any CPU
	EndGlobalSection
	GlobalSection(SolutionProperties) = preSolution
		HideSolutionNode = FALSE
	EndGlobalSection
	GlobalSection(ExtensibilityGlobals) = postSolution
		SolutionGuid = {9A051227-F885-403E-93BE-58D78A4B24FF}
	EndGlobalSection
EndGlobal
